
Microsoft Visual Studio Solution File, Format Version 12.00
# Visual Studio Version 17
VisualStudioVersion = 17.11.35312.102
MinimumVisualStudioVersion = 10.0.40219.1
Project("{9A19103F-16F7-4668-BE54-9A1E7A4F7556}") = "KostenkoLaba2", "KostenkoLaba2\KostenkoLaba2.csproj", "{F32886F8-FD60-4996-9E41-520C5CEDAFAD}"
EndProject
Global
	GlobalSection(SolutionConfigurationPlatforms) = preSolution
		Debug|Any CPU = Debug|Any CPU
		Release|Any CPU = Release|Any CPU
	EndGlobalSection
	GlobalSection(ProjectConfigurationPlatforms) = postSolution
		{F32886F8-FD60-4996-9E41-520C5CEDAFAD}.Debug|Any CPU.ActiveCfg = Debug|Any CPU
		{F32886F8-FD60-4996-9E41-520C5CEDAFAD}.Debug|Any CPU.Build.0 = Debug|Any CPU
		{F32886F8-FD60-4996-9E41-520C5CEDAFAD}.Debug|Any CPU.Deploy.0 = Debug|Any CPU
		{F32886F8-FD60-4996-9E41-520C5CEDAFAD}.Release|Any CPU.ActiveCfg = Release|Any CPU
		{F32886F8-FD60-4996-9E41-520C5CEDAFAD}.Release|Any CPU.Build.0 = Release|Any CPU
		{F32886F8-FD60-4996-9E41-520C5CEDAFAD}.Release|Any CPU.Deploy.0 = Release|Any CPU
	EndGlobalSection
	GlobalSection(SolutionProperties) = preSolution
		HideSolutionNode = FALSE
	EndGlobalSection
	GlobalSection(ExtensibilityGlobals) = postSolution
		SolutionGuid = {9F4F81C1-5C80-4D2A-95A9-E3BF7CBE6703}
	EndGlobalSection
EndGlobal
